
Microsoft Visual Studio Solution File, Format Version 12.00
# Visual Studio Version 17
VisualStudioVersion = 17.7.34031.279
MinimumVisualStudioVersion = 10.0.40219.1
Project("{FAE04EC0-301F-11D3-BF4B-00C04F79EFBC}") = "Pr1_Danylov", "Pr1_Danylov\Pr1_Danylov.csproj", "{B9D19947-40A7-4AE7-855B-43AE950E75BA}"
EndProject
Global
	GlobalSection(SolutionConfigurationPlatforms) = preSolution
		Debug|Any CPU = Debug|Any CPU
		Release|Any CPU = Release|Any CPU
	EndGlobalSection
	GlobalSection(ProjectConfigurationPlatforms) = postSolution
		{B9D19947-40A7-4AE7-855B-43AE950E75BA}.Debug|Any CPU.ActiveCfg = Debug|Any CPU
		{B9D19947-40A7-4AE7-855B-43AE950E75BA}.Debug|Any CPU.Build.0 = Debug|Any CPU
		{B9D19947-40A7-4AE7-855B-43AE950E75BA}.Release|Any CPU.ActiveCfg = Release|Any CPU
		{B9D19947-40A7-4AE7-855B-43AE950E75BA}.Release|Any CPU.Build.0 = Release|Any CPU
	EndGlobalSection
	GlobalSection(SolutionProperties) = preSolution
		HideSolutionNode = FALSE
	EndGlobalSection
	GlobalSection(ExtensibilityGlobals) = postSolution
		SolutionGuid = {64F3785C-C894-4870-BA0A-2CC3986F2373}
	EndGlobalSection
EndGlobal
